
Microsoft Visual Studio Solution File, Format Version 12.00
# Visual Studio 15
VisualStudioVersion = 15.0.28307.489
MinimumVisualStudioVersion = 10.0.40219.1
Project("{FAE04EC0-301F-11D3-BF4B-00C04F79EFBC}") = "Zhenchak03", "Zhenchak03\Zhenchak03.csproj", "{B03F320E-0EEE-4F29-A795-4088FECF89E1}"
EndProject
Global
	GlobalSection(SolutionConfigurationPlatforms) = preSolution
		Debug|Any CPU = Debug|Any CPU
		Release|Any CPU = Release|Any CPU
	EndGlobalSection
	GlobalSection(ProjectConfigurationPlatforms) = postSolution
		{B03F320E-0EEE-4F29-A795-4088FECF89E1}.Debug|Any CPU.ActiveCfg = Debug|Any CPU
		{B03F320E-0EEE-4F29-A795-4088FECF89E1}.Debug|Any CPU.Build.0 = Debug|Any CPU
		{B03F320E-0EEE-4F29-A795-4088FECF89E1}.Release|Any CPU.ActiveCfg = Release|Any CPU
		{B03F320E-0EEE-4F29-A795-4088FECF89E1}.Release|Any CPU.Build.0 = Release|Any CPU
	EndGlobalSection
	GlobalSection(SolutionProperties) = preSolution
		HideSolutionNode = FALSE
	EndGlobalSection
	GlobalSection(ExtensibilityGlobals) = postSolution
		SolutionGuid = {9A4A0050-087B-4EE4-9927-1520A199722A}
	EndGlobalSection
EndGlobal
